# THIS IS AN AUTOGENERATED FILE. DO NOT EDIT THIS FILE DIRECTLY.
# yarn lockfile v1


jquery@3.4.1:
  version "3.4.1"
  resolved "https://registry.yarnpkg.com/jquery/-/jquery-3.4.1.tgz#714f1f8d9dde4bdfa55764ba37ef214630d80ef2"
  integrity sha512-36+AdBzCL+y6qjw5Tx7HgzeGCzC81MDDgaUP8ld2zhx58HdqXGoBd+tHdrBMiyjGQs0Hxs/MLZTu/eHNJJuWPw==

pkg-b@1.0.0:
  version "1.0.0"
  resolved "https://registry.yarnpkg.com/pkg-b/-/pkg-b-1.0.0.tgz#4e233c34c33a14a82f7c4431e68de0f1f15367ea"
  integrity sha1-TiM8NMM6FKgvfEQx5o3g8fFTZ+o=
